
Microsoft Visual Studio Solution File, Format Version 12.00
# Visual Studio Version 17
VisualStudioVersion = 17.8.34525.116
MinimumVisualStudioVersion = 10.0.40219.1
Project("{FAE04EC0-301F-11D3-BF4B-00C04F79EFBC}") = "ConsoleAppNumero", "ConsoleAppNumero\ConsoleAppNumero.csproj", "{7650BBA8-2E1C-4C7F-92AE-AC7C668DB88D}"
EndProject
Global
	GlobalSection(SolutionConfigurationPlatforms) = preSolution
		Debug|Any CPU = Debug|Any CPU
		Release|Any CPU = Release|Any CPU
	EndGlobalSection
	GlobalSection(ProjectConfigurationPlatforms) = postSolution
		{7650BBA8-2E1C-4C7F-92AE-AC7C668DB88D}.Debug|Any CPU.ActiveCfg = Debug|Any CPU
		{7650BBA8-2E1C-4C7F-92AE-AC7C668DB88D}.Debug|Any CPU.Build.0 = Debug|Any CPU
		{7650BBA8-2E1C-4C7F-92AE-AC7C668DB88D}.Release|Any CPU.ActiveCfg = Release|Any CPU
		{7650BBA8-2E1C-4C7F-92AE-AC7C668DB88D}.Release|Any CPU.Build.0 = Release|Any CPU
	EndGlobalSection
	GlobalSection(SolutionProperties) = preSolution
		HideSolutionNode = FALSE
	EndGlobalSection
	GlobalSection(ExtensibilityGlobals) = postSolution
		SolutionGuid = {55F88F4B-5A05-4E43-AB06-BFAF9CA29CB1}
	EndGlobalSection
EndGlobal
